// !$*UTF8*$!
{
	archiveVersion = 1;
	classes = {
	};
	objectVersion = 51;
	objects = {

/* Begin PBXBuildFile section */
		547BC1D263388984B7DF74E8 /* Pods_To_Do.framework in Frameworks */ = {isa = PBXBuildFile; fileRef = 2F299D071030E10E974E656C /* Pods_To_Do.framework */; };
		DD3D27A6236CC49000E6B63C /* Item.swift in Sources */ = {isa = PBXBuildFile; fileRef = DD3D27A5236CC49000E6B63C /* Item.swift */; };
		DD3D27A8236CC49D00E6B63C /* Category.swift in Sources */ = {isa = PBXBuildFile; fileRef = DD3D27A7236CC49D00E6B63C /* Category.swift */; };
		DD6002CB2369FB5400DD7A2B /* CategoryViewController.swift in Sources */ = {isa = PBXBuildFile; fileRef = DD6002CA2369FB5400DD7A2B /* CategoryViewController.swift */; };
		DD9D34F6232A99A200DFDCD6 /* AppDelegate.swift in Sources */ = {isa = PBXBuildFile; fileRef = DD9D34F5232A99A200DFDCD6 /* AppDelegate.swift */; };
		DD9D34F8232A99A200DFDCD6 /* ToDoListViewController.swift in Sources */ = {isa = PBXBuildFile; fileRef = DD9D34F7232A99A200DFDCD6 /* ToDoListViewController.swift */; };
		DD9D34FB232A99A200DFDCD6 /* Main.storyboard in Resources */ = {isa = PBXBuildFile; fileRef = DD9D34F9232A99A200DFDCD6 /* Main.storyboard */; };
		DD9D34FD232A99A200DFDCD6 /* Assets.xcassets in Resources */ = {isa = PBXBuildFile; fileRef = DD9D34FC232A99A200DFDCD6 /* Assets.xcassets */; };
		DD9D3500232A99A200DFDCD6 /* LaunchScreen.storyboard in Resources */ = {isa = PBXBuildFile; fileRef = DD9D34FE232A99A200DFDCD6 /* LaunchScreen.storyboard */; };
/* End PBXBuildFile section */

/* Begin PBXFileReference section */
		03BECBB2FF3AC84E9E50617A /* Pods-To Do.release.xcconfig */ = {isa = PBXFileReference; includeInIndex = 1; lastKnownFileType = text.xcconfig; name = "Pods-To Do.release.xcconfig"; path = "Target Support Files/Pods-To Do/Pods-To Do.release.xcconfig"; sourceTree = "<group>"; };
		2F299D071030E10E974E656C /* Pods_To_Do.framework */ = {isa = PBXFileReference; explicitFileType = wrapper.framework; includeInIndex = 0; path = Pods_To_Do.framework; sourceTree = BUILT_PRODUCTS_DIR; };
		9A40F0C24C9774C7FE283F58 /* Pods-To Do.debug.xcconfig */ = {isa = PBXFileReference; includeInIndex = 1; lastKnownFileType = text.xcconfig; name = "Pods-To Do.debug.xcconfig"; path = "Target Support Files/Pods-To Do/Pods-To Do.debug.xcconfig"; sourceTree = "<group>"; };
		DD3D27A5236CC49000E6B63C /* Item.swift */ = {isa = PBXFileReference; lastKnownFileType = sourcecode.swift; path = Item.swift; sourceTree = "<group>"; };
		DD3D27A7236CC49D00E6B63C /* Category.swift */ = {isa = PBXFileReference; lastKnownFileType = sourcecode.swift; path = Category.swift; sourceTree = "<group>"; };
		DD6002CA2369FB5400DD7A2B /* CategoryViewController.swift */ = {isa = PBXFileReference; lastKnownFileType = sourcecode.swift; path = CategoryViewController.swift; sourceTree = "<group>"; };
		DD9D34F2232A99A200DFDCD6 /* To Do.app */ = {isa = PBXFileReference; explicitFileType = wrapper.application; includeInIndex = 0; path = "To Do.app"; sourceTree = BUILT_PRODUCTS_DIR; };
		DD9D34F5232A99A200DFDCD6 /* AppDelegate.swift */ = {isa = PBXFileReference; lastKnownFileType = sourcecode.swift; path = AppDelegate.swift; sourceTree = "<group>"; };
		DD9D34F7232A99A200DFDCD6 /* ToDoListViewController.swift */ = {isa = PBXFileReference; lastKnownFileType = sourcecode.swift; path = ToDoListViewController.swift; sourceTree = "<group>"; };
		DD9D34FA232A99A200DFDCD6 /* Base */ = {isa = PBXFileReference; lastKnownFileType = file.storyboard; name = Base; path = Base.lproj/Main.storyboard; sourceTree = "<group>"; };
		DD9D34FC232A99A200DFDCD6 /* Assets.xcassets */ = {isa = PBXFileReference; lastKnownFileType = folder.assetcatalog; path = Assets.xcassets; sourceTree = "<group>"; };
		DD9D34FF232A99A200DFDCD6 /* Base */ = {isa = PBXFileReference; lastKnownFileType = file.storyboard; name = Base; path = Base.lproj/LaunchScreen.storyboard; sourceTree = "<group>"; };
		DD9D3501232A99A200DFDCD6 /* Info.plist */ = {isa = PBXFileReference; lastKnownFileType = text.plist.xml; path = Info.plist; sourceTree = "<group>"; };
/* End PBXFileReference section */

/* Begin PBXFrameworksBuildPhase section */
		DD9D34EF232A99A200DFDCD6 /* Frameworks */ = {
			isa = PBXFrameworksBuildPhase;
			buildActionMask = 2147483647;
			files = (
				547BC1D263388984B7DF74E8 /* Pods_To_Do.framework in Frameworks */,
			);
			runOnlyForDeploymentPostprocessing = 0;
		};
/* End PBXFrameworksBuildPhase section */

/* Begin PBXGroup section */
		7B03273464B8231AFFFB1B0B /* Frameworks */ = {
			isa = PBXGroup;
			children = (
				2F299D071030E10E974E656C /* Pods_To_Do.framework */,
			);
			name = Frameworks;
			sourceTree = "<group>";
		};
		DCC90F82D1E033188B8C22F0 /* Pods */ = {
			isa = PBXGroup;
			children = (
				9A40F0C24C9774C7FE283F58 /* Pods-To Do.debug.xcconfig */,
				03BECBB2FF3AC84E9E50617A /* Pods-To Do.release.xcconfig */,
			);
			path = Pods;
			sourceTree = "<group>";
		};
		DD1F7B1223686240006EB3F8 /* Views */ = {
			isa = PBXGroup;
			children = (
				DD9D34F9232A99A200DFDCD6 /* Main.storyboard */,
			);
			path = Views;
			sourceTree = "<group>";
		};
		DD77E4DD232BD59C009D4F47 /* ViewControllers */ = {
			isa = PBXGroup;
			children = (
				DD9D34F7232A99A200DFDCD6 /* ToDoListViewController.swift */,
				DD6002CA2369FB5400DD7A2B /* CategoryViewController.swift */,
			);
			path = ViewControllers;
			sourceTree = "<group>";
		};
		DD9D34E9232A99A200DFDCD6 = {
			isa = PBXGroup;
			children = (
				DD9D34F4232A99A200DFDCD6 /* To Do */,
				DD9D34F3232A99A200DFDCD6 /* Products */,
				DCC90F82D1E033188B8C22F0 /* Pods */,
				7B03273464B8231AFFFB1B0B /* Frameworks */,
			);
			sourceTree = "<group>";
		};
		DD9D34F3232A99A200DFDCD6 /* Products */ = {
			isa = PBXGroup;
			children = (
				DD9D34F2232A99A200DFDCD6 /* To Do.app */,
			);
			name = Products;
			sourceTree = "<group>";
		};
		DD9D34F4232A99A200DFDCD6 /* To Do */ = {
			isa = PBXGroup;
			children = (
				DD1F7B1223686240006EB3F8 /* Views */,
				DD9D3501232A99A200DFDCD6 /* Info.plist */,
				DDEA3CC623685046006DCF1D /* Data Model */,
				DD77E4DD232BD59C009D4F47 /* ViewControllers */,
				DD9D34F5232A99A200DFDCD6 /* AppDelegate.swift */,
				DDEA3CC723685088006DCF1D /* Supporting Files */,
			);
			path = "To Do";
			sourceTree = "<group>";
		};
		DDEA3CC623685046006DCF1D /* Data Model */ = {
			isa = PBXGroup;
			children = (
				DD3D27A7236CC49D00E6B63C /* Category.swift */,
				DD3D27A5236CC49000E6B63C /* Item.swift */,
			);
			path = "Data Model";
			sourceTree = "<group>";
		};
		DDEA3CC723685088006DCF1D /* Supporting Files */ = {
			isa = PBXGroup;
			children = (
				DD9D34FC232A99A200DFDCD6 /* Assets.xcassets */,
				DD9D34FE232A99A200DFDCD6 /* LaunchScreen.storyboard */,
			);
			path = "Supporting Files";
			sourceTree = "<group>";
		};
/* End PBXGroup section */

/* Begin PBXNativeTarget section */
		DD9D34F1232A99A200DFDCD6 /* To Do */ = {
			isa = PBXNativeTarget;
			buildConfigurationList = DD9D3504232A99A200DFDCD6 /* Build configuration list for PBXNativeTarget "To Do" */;
			buildPhases = (
				859A8541FC291DAD65854437 /* [CP] Check Pods Manifest.lock */,
				DD9D34EE232A99A200DFDCD6 /* Sources */,
				DD9D34EF232A99A200DFDCD6 /* Frameworks */,
				DD9D34F0232A99A200DFDCD6 /* Resources */,
				D006C51C396EB1B6493B37FF /* [CP] Embed Pods Frameworks */,
			);
			buildRules = (
			);
			dependencies = (
			);
			name = "To Do";
			productName = "To Do";
			productReference = DD9D34F2232A99A200DFDCD6 /* To Do.app */;
			productType = "com.apple.product-type.application";
		};
/* End PBXNativeTarget section */

/* Begin PBXProject section */
		DD9D34EA232A99A200DFDCD6 /* Project object */ = {
			isa = PBXProject;
			attributes = {
				LastSwiftUpdateCheck = 1030;
				LastUpgradeCheck = 1030;
				ORGANIZATIONNAME = "Arif Amzad";
				TargetAttributes = {
					DD9D34F1232A99A200DFDCD6 = {
						CreatedOnToolsVersion = 10.3;
					};
				};
			};
			buildConfigurationList = DD9D34ED232A99A200DFDCD6 /* Build configuration list for PBXProject "To Do" */;
			compatibilityVersion = "Xcode 9.3";
			developmentRegion = en;
			hasScannedForEncodings = 0;
			knownRegions = (
				en,
				Base,
			);
			mainGroup = DD9D34E9232A99A200DFDCD6;
			productRefGroup = DD9D34F3232A99A200DFDCD6 /* Products */;
			projectDirPath = "";
			projectRoot = "";
			targets = (
				DD9D34F1232A99A200DFDCD6 /* To Do */,
			);
		};
/* End PBXProject section */

/* Begin PBXResourcesBuildPhase section */
		DD9D34F0232A99A200DFDCD6 /* Resources */ = {
			isa = PBXResourcesBuildPhase;
			buildActionMask = 2147483647;
			files = (
				DD9D3500232A99A200DFDCD6 /* LaunchScreen.storyboard in Resources */,
				DD9D34FD232A99A200DFDCD6 /* Assets.xcassets in Resources */,
				DD9D34FB232A99A200DFDCD6 /* Main.storyboard in Resources */,
			);
			runOnlyForDeploymentPostprocessing = 0;
		};
/* End PBXResourcesBuildPhase section */

/* Begin PBXShellScriptBuildPhase section */
		859A8541FC291DAD65854437 /* [CP] Check Pods Manifest.lock */ = {
			isa = PBXShellScriptBuildPhase;
			buildActionMask = 2147483647;
			files = (
			);
			inputFileListPaths = (
			);
			inputPaths = (
				"${PODS_PODFILE_DIR_PATH}/Podfile.lock",
				"${PODS_ROOT}/Manifest.lock",
			);
			name = "[CP] Check Pods Manifest.lock";
			outputFileListPaths = (
			);
			outputPaths = (
				"$(DERIVED_FILE_DIR)/Pods-To Do-checkManifestLockResult.txt",
			);
			runOnlyForDeploymentPostprocessing = 0;
			shellPath = /bin/sh;
			shellScript = "diff \"${PODS_PODFILE_DIR_PATH}/Podfile.lock\" \"${PODS_ROOT}/Manifest.lock\" > /dev/null\nif [ $? != 0 ] ; then\n    # print error to STDERR\n    echo \"error: The sandbox is not in sync with the Podfile.lock. Run 'pod install' or update your CocoaPods installation.\" >&2\n    exit 1\nfi\n# This output is used by Xcode 'outputs' to avoid re-running this script phase.\necho \"SUCCESS\" > \"${SCRIPT_OUTPUT_FILE_0}\"\n";
			showEnvVarsInLog = 0;
		};
		D006C51C396EB1B6493B37FF /* [CP] Embed Pods Frameworks */ = {
			isa = PBXShellScriptBuildPhase;
			buildActionMask = 2147483647;
			files = (
			);
			inputFileListPaths = (
				"${PODS_ROOT}/Target Support Files/Pods-To Do/Pods-To Do-frameworks-${CONFIGURATION}-input-files.xcfilelist",
			);
			name = "[CP] Embed Pods Frameworks";
			outputFileListPaths = (
				"${PODS_ROOT}/Target Support Files/Pods-To Do/Pods-To Do-frameworks-${CONFIGURATION}-output-files.xcfilelist",
			);
			runOnlyForDeploymentPostprocessing = 0;
			shellPath = /bin/sh;
			shellScript = "\"${PODS_ROOT}/Target Support Files/Pods-To Do/Pods-To Do-frameworks.sh\"\n";
			showEnvVarsInLog = 0;
		};
/* End PBXShellScriptBuildPhase section */

/* Begin PBXSourcesBuildPhase section */
		DD9D34EE232A99A200DFDCD6 /* Sources */ = {
			isa = PBXSourcesBuildPhase;
			buildActionMask = 2147483647;
			files = (
				DD6002CB2369FB5400DD7A2B /* CategoryViewController.swift in Sources */,
				DD9D34F8232A99A200DFDCD6 /* ToDoListViewController.swift in Sources */,
				DD3D27A6236CC49000E6B63C /* Item.swift in Sources */,
				DD9D34F6232A99A200DFDCD6 /* AppDelegate.swift in Sources */,
				DD3D27A8236CC49D00E6B63C /* Category.swift in Sources */,
			);
			runOnlyForDeploymentPostprocessing = 0;
		};
/* End PBXSourcesBuildPhase section */

/* Begin PBXVariantGroup section */
		DD9D34F9232A99A200DFDCD6 /* Main.storyboard */ = {
			isa = PBXVariantGroup;
			children = (
				DD9D34FA232A99A200DFDCD6 /* Base */,
			);
			name = Main.storyboard;
			sourceTree = "<group>";
		};
		DD9D34FE232A99A200DFDCD6 /* LaunchScreen.storyboard */ = {
			isa = PBXVariantGroup;
			children = (
				DD9D34FF232A99A200DFDCD6 /* Base */,
			);
			name = LaunchScreen.storyboard;
			sourceTree = "<group>";
		};
/* End PBXVariantGroup section */

/* Begin XCBuildConfiguration section */
		DD9D3502232A99A200DFDCD6 /* Debug */ = {
			isa = XCBuildConfiguration;
			buildSettings = {
				ALWAYS_SEARCH_USER_PATHS = NO;
				CLANG_ANALYZER_NONNULL = YES;
				CLANG_ANALYZER_NUMBER_OBJECT_CONVERSION = YES_AGGRESSIVE;
				CLANG_CXX_LANGUAGE_STANDARD = "gnu++14";
				CLANG_CXX_LIBRARY = "libc++";
				CLANG_ENABLE_MODULES = YES;
				CLANG_ENABLE_OBJC_ARC = YES;
				CLANG_ENABLE_OBJC_WEAK = YES;
				CLANG_WARN_BLOCK_CAPTURE_AUTORELEASING = YES;
				CLANG_WARN_BOOL_CONVERSION = YES;
				CLANG_WARN_COMMA = YES;
				CLANG_WARN_CONSTANT_CONVERSION = YES;
				CLANG_WARN_DEPRECATED_OBJC_IMPLEMENTATIONS = YES;
				CLANG_WARN_DIRECT_OBJC_ISA_USAGE = YES_ERROR;
				CLANG_WARN_DOCUMENTATION_COMMENTS = YES;
				CLANG_WARN_EMPTY_BODY = YES;
				CLANG_WARN_ENUM_CONVERSION = YES;
				CLANG_WARN_INFINITE_RECURSION = YES;
				CLANG_WARN_INT_CONVERSION = YES;
				CLANG_WARN_NON_LITERAL_NULL_CONVERSION = YES;
				CLANG_WARN_OBJC_IMPLICIT_RETAIN_SELF = YES;
				CLANG_WARN_OBJC_LITERAL_CONVERSION = YES;
				CLANG_WARN_OBJC_ROOT_CLASS = YES_ERROR;
				CLANG_WARN_RANGE_LOOP_ANALYSIS = YES;
				CLANG_WARN_STRICT_PROTOTYPES = YES;
				CLANG_WARN_SUSPICIOUS_MOVE = YES;
				CLANG_WARN_UNGUARDED_AVAILABILITY = YES_AGGRESSIVE;
				CLANG_WARN_UNREACHABLE_CODE = YES;
				CLANG_WARN__DUPLICATE_METHOD_MATCH = YES;
				CODE_SIGN_IDENTITY = "iPhone Developer";
				COPY_PHASE_STRIP = NO;
				DEBUG_INFORMATION_FORMAT = dwarf;
				ENABLE_STRICT_OBJC_MSGSEND = YES;
				ENABLE_TESTABILITY = YES;
				GCC_C_LANGUAGE_STANDARD = gnu11;
				GCC_DYNAMIC_NO_PIC = NO;
				GCC_NO_COMMON_BLOCKS = YES;
				GCC_OPTIMIZATION_LEVEL = 0;
				GCC_PREPROCESSOR_DEFINITIONS = (
					"DEBUG=1",
					"$(inherited)",
				);
				GCC_WARN_64_TO_32_BIT_CONVERSION = YES;
				GCC_WARN_ABOUT_RETURN_TYPE = YES_ERROR;
				GCC_WARN_UNDECLARED_SELECTOR = YES;
				GCC_WARN_UNINITIALIZED_AUTOS = YES_AGGRESSIVE;
				GCC_WARN_UNUSED_FUNCTION = YES;
				GCC_WARN_UNUSED_VARIABLE = YES;
				IPHONEOS_DEPLOYMENT_TARGET = 12.4;
				MTL_ENABLE_DEBUG_INFO = INCLUDE_SOURCE;
				MTL_FAST_MATH = YES;
				ONLY_ACTIVE_ARCH = YES;
				SDKROOT = iphoneos;
				SWIFT_ACTIVE_COMPILATION_CONDITIONS = DEBUG;
				SWIFT_OPTIMIZATION_LEVEL = "-Onone";
			};
			name = Debug;
		};
		DD9D3503232A99A200DFDCD6 /* Release */ = {
			isa = XCBuildConfiguration;
			buildSettings = {
				ALWAYS_SEARCH_USER_PATHS = NO;
				CLANG_ANALYZER_NONNULL = YES;
				CLANG_ANALYZER_NUMBER_OBJECT_CONVERSION = YES_AGGRESSIVE;
				CLANG_CXX_LANGUAGE_STANDARD = "gnu++14";
				CLANG_CXX_LIBRARY = "libc++";
				CLANG_ENABLE_MODULES = YES;
				CLANG_ENABLE_OBJC_ARC = YES;
				CLANG_ENABLE_OBJC_WEAK = YES;
				CLANG_WARN_BLOCK_CAPTURE_AUTORELEASING = YES;
				CLANG_WARN_BOOL_CONVERSION = YES;
				CLANG_WARN_COMMA = YES;
				CLANG_WARN_CONSTANT_CONVERSION = YES;
				CLANG_WARN_DEPRECATED_OBJC_IMPLEMENTATIONS = YES;
				CLANG_WARN_DIRECT_OBJC_ISA_USAGE = YES_ERROR;
				CLANG_WARN_DOCUMENTATION_COMMENTS = YES;
				CLANG_WARN_EMPTY_BODY = YES;
				CLANG_WARN_ENUM_CONVERSION = YES;
				CLANG_WARN_INFINITE_RECURSION = YES;
				CLANG_WARN_INT_CONVERSION = YES;
				CLANG_WARN_NON_LITERAL_NULL_CONVERSION = YES;
				CLANG_WARN_OBJC_IMPLICIT_RETAIN_SELF = YES;
				CLANG_WARN_OBJC_LITERAL_CONVERSION = YES;
				CLANG_WARN_OBJC_ROOT_CLASS = YES_ERROR;
				CLANG_WARN_RANGE_LOOP_ANALYSIS = YES;
				CLANG_WARN_STRICT_PROTOTYPES = YES;
				CLANG_WARN_SUSPICIOUS_MOVE = YES;
				CLANG_WARN_UNGUARDED_AVAILABILITY = YES_AGGRESSIVE;
				CLANG_WARN_UNREACHABLE_CODE = YES;
				CLANG_WARN__DUPLICATE_METHOD_MATCH = YES;
				CODE_SIGN_IDENTITY = "iPhone Developer";
				COPY_PHASE_STRIP = NO;
				DEBUG_INFORMATION_FORMAT = "dwarf-with-dsym";
				ENABLE_NS_ASSERTIONS = NO;
				ENABLE_STRICT_OBJC_MSGSEND = YES;
				GCC_C_LANGUAGE_STANDARD = gnu11;
				GCC_NO_COMMON_BLOCKS = YES;
				GCC_WARN_64_TO_32_BIT_CONVERSION = YES;
				GCC_WARN_ABOUT_RETURN_TYPE = YES_ERROR;
				GCC_WARN_UNDECLARED_SELECTOR = YES;
				GCC_WARN_UNINITIALIZED_AUTOS = YES_AGGRESSIVE;
				GCC_WARN_UNUSED_FUNCTION = YES;
				GCC_WARN_UNUSED_VARIABLE = YES;
				IPHONEOS_DEPLOYMENT_TARGET = 12.4;
				MTL_ENABLE_DEBUG_INFO = NO;
				MTL_FAST_MATH = YES;
				SDKROOT = iphoneos;
				SWIFT_COMPILATION_MODE = wholemodule;
				SWIFT_OPTIMIZATION_LEVEL = "-O";
				VALIDATE_PRODUCT = YES;
			};
			name = Release;
		};
		DD9D3505232A99A200DFDCD6 /* Debug */ = {
			isa = XCBuildConfiguration;
			baseConfigurationReference = 9A40F0C24C9774C7FE283F58 /* Pods-To Do.debug.xcconfig */;
			buildSettings = {
				ASSETCATALOG_COMPILER_APPICON_NAME = AppIcon;
				CODE_SIGN_STYLE = Automatic;
				DEVELOPMENT_TEAM = 2QG28FK6YK;
				INFOPLIST_FILE = "To Do/Info.plist";
				LD_RUNPATH_SEARCH_PATHS = (
					"$(inherited)",
					"@executable_path/Frameworks",
				);
				PRODUCT_BUNDLE_IDENTIFIER = "com.arifamzad.To-Do";
				PRODUCT_NAME = "$(TARGET_NAME)";
				SWIFT_VERSION = 5.0;
				TARGETED_DEVICE_FAMILY = "1,2";
			};
			name = Debug;
		};
		DD9D3506232A99A200DFDCD6 /* Release */ = {
			isa = XCBuildConfiguration;
			baseConfigurationReference = 03BECBB2FF3AC84E9E50617A /* Pods-To Do.release.xcconfig */;
			buildSettings = {
				ASSETCATALOG_COMPILER_APPICON_NAME = AppIcon;
				CODE_SIGN_STYLE = Automatic;
				DEVELOPMENT_TEAM = 2QG28FK6YK;
				INFOPLIST_FILE = "To Do/Info.plist";
				LD_RUNPATH_SEARCH_PATHS = (
					"$(inherited)",
					"@executable_path/Frameworks",
				);
				PRODUCT_BUNDLE_IDENTIFIER = "com.arifamzad.To-Do";
				PRODUCT_NAME = "$(TARGET_NAME)";
				SWIFT_VERSION = 5.0;
				TARGETED_DEVICE_FAMILY = "1,2";
			};
			name = Release;
		};
/* End XCBuildConfiguration section */

/* Begin XCConfigurationList section */
		DD9D34ED232A99A200DFDCD6 /* Build configuration list for PBXProject "To Do" */ = {
			isa = XCConfigurationList;
			buildConfigurations = (
				DD9D3502232A99A200DFDCD6 /* Debug */,
				DD9D3503232A99A200DFDCD6 /* Release */,
			);
			defaultConfigurationIsVisible = 0;
			defaultConfigurationName = Release;
		};
		DD9D3504232A99A200DFDCD6 /* Build configuration list for PBXNativeTarget "To Do" */ = {
			isa = XCConfigurationList;
			buildConfigurations = (
				DD9D3505232A99A200DFDCD6 /* Debug */,
				DD9D3506232A99A200DFDCD6 /* Release */,
			);
			defaultConfigurationIsVisible = 0;
			defaultConfigurationName = Release;
		};
/* End XCConfigurationList section */
	};
	rootObject = DD9D34EA232A99A200DFDCD6 /* Project object */;
}
